<?xml version="1.0" encoding="utf-8"?>
<Project ToolsVersion="4.0" xmlns="http://schemas.microsoft.com/developer/msbuild/2003">
  <ItemGroup>
    <Filter Include="Source files">
      <UniqueIdentifier>{7fa7b243-0211-457b-a0cc-78e393a99ef4}</UniqueIdentifier>
      <Extensions>cpp;c;cc;cxx;def;odl;idl;hpj;bat;asm;asmx</Extensions>
    </Filter>
    <Filter Include="Header files">
      <UniqueIdentifier>{5b09278f-90a1-432c-a604-be97071b3c5d}</UniqueIdentifier>
      <Extensions>h;hpp;hxx;hm;inl;inc;xsd</Extensions>
    </Filter>
    <Filter Include="Resource files">
      <UniqueIdentifier>{de920958-06e4-45e2-a25f-026f956f9645}</UniqueIdentifier>
      <Extensions>rc;ico;cur;bmp;dlg;rc2;rct;bin;rgs;gif;jpg;jpeg;jpe;resx;tiff;tif;png;wav</Extensions>
    </Filter>
    <Filter Include="VisualGDB settings">
      <UniqueIdentifier>{46a52cae-25b7-4ef2-9fdb-612c3e5814d7}</UniqueIdentifier>
    </Filter>
  </ItemGroup>
  <ItemGroup>
    <None Include="CMakeLists.txt">
      <Filter>Source files</Filter>
    </None>
    <None Include="DB2PlugInDataSource-Debug.vgdbsettings">
      <Filter>VisualGDB settings</Filter>
    </None>
    <None Include="DB2PlugInDataSource-Release.vgdbsettings">
      <Filter>VisualGDB settings</Filter>
    </None>
  </ItemGroup>
  <ItemGroup>
    <ClCompile Include="server\src\app.cpp">
      <Filter>Source files</Filter>
    </ClCompile>
    <ClCompile Include="server\src\local_app.cpp">
      <Filter>Source files</Filter>
    </ClCompile>
    <ClCompile Include="server\src\local_config.cpp">
      <Filter>Source files</Filter>
    </ClCompile>
    <ClCompile Include="server\src\json_define.cpp">
      <Filter>Source files</Filter>
    </ClCompile>
    <ClCompile Include="share\log_imp.cpp">
      <Filter>Source files</Filter>
    </ClCompile>
    <ClCompile Include="share\tool.cpp">
      <Filter>Source files</Filter>
    </ClCompile>
    <ClCompile Include="proto\DB2PlugInDataSource.grpc.pb.cc">
      <Filter>Source files</Filter>
    </ClCompile>
    <ClCompile Include="proto\DB2PlugInDataSource.pb.cc">
      <Filter>Source files</Filter>
    </ClCompile>
    <ClCompile Include="server\src\DB2PlugInDataApp.cpp">
      <Filter>Source files</Filter>
    </ClCompile>
    <ClCompile Include="server\src\GrpcServer.cpp">
      <Filter>Source files</Filter>
    </ClCompile>
    <ClCompile Include="server\src\ReadLogManager.cpp">
      <Filter>Source files</Filter>
    </ClCompile>
    <ClCompile Include="server\src\version.cpp">
      <Filter>Source files</Filter>
    </ClCompile>
    <ClCompile Include="server\logv10\db2_log_version.cpp">
      <Filter>Source files</Filter>
    </ClCompile>
    <ClCompile Include="server\logv9\db2_log_version.cpp">
      <Filter>Source files</Filter>
    </ClCompile>
    <ClCompile Include="server\src\readlog_config_manager.cpp">
      <Filter>Source files</Filter>
    </ClCompile>
    <ClCompile Include="server\src\readlog_config.cpp">
      <Filter>Source files</Filter>
    </ClCompile>
    <ClCompile Include="server\src\LogSubprocess.cpp">
      <Filter>Source files</Filter>
    </ClCompile>
    <ClCompile Include="server\src\main.cpp">
      <Filter>Source files</Filter>
    </ClCompile>
    <ClCompile Include="client\main.cpp">
      <Filter>Source files</Filter>
    </ClCompile>
    <ClCompile Include="server\src\DB2ReadLogApp.cpp">
      <Filter>Source files</Filter>
    </ClCompile>
    <ClCompile Include="server\logv10\dblogconn.cpp">
      <Filter>Source files</Filter>
    </ClCompile>
    <ClCompile Include="server\logv10\utilapi.C">
      <Filter>Source files</Filter>
    </ClCompile>
    <ClCompile Include="server\logv10\utilemb.C">
      <Filter>Source files</Filter>
    </ClCompile>
    <ClCompile Include="server\logv10\utilrecov.C">
      <Filter>Source files</Filter>
    </ClCompile>
    <ClCompile Include="server\logv9\dblogconn.cpp">
      <Filter>Source files</Filter>
    </ClCompile>
    <ClCompile Include="server\logv9\utilapi.C">
      <Filter>Source files</Filter>
    </ClCompile>
    <ClCompile Include="server\logv9\utilemb.C">
      <Filter>Source files</Filter>
    </ClCompile>
    <ClCompile Include="server\logv9\utilrecov.C">
      <Filter>Source files</Filter>
    </ClCompile>
    <ClCompile Include="server\src\DB2CataLog.cpp">
      <Filter>Source files</Filter>
    </ClCompile>
    <ClCompile Include="share\tapdata_base64.cpp">
      <Filter>Source files</Filter>
    </ClCompile>
    <ClCompile Include="server\src\LocalDDLInfo.cpp">
      <Filter>Source files</Filter>
    </ClCompile>
    <ClCompile Include="share\tool_extern.cpp">
      <Filter>Source files</Filter>
    </ClCompile>
  </ItemGroup>
  <ItemGroup>
    <ClInclude Include="server\src\app.h">
      <Filter>Header files</Filter>
    </ClInclude>
    <ClInclude Include="server\src\local_app.h">
      <Filter>Header files</Filter>
    </ClInclude>
    <ClInclude Include="server\src\local_config.h">
      <Filter>Header files</Filter>
    </ClInclude>
    <ClInclude Include="server\src\json.hpp">
      <Filter>Header files</Filter>
    </ClInclude>
    <ClInclude Include="server\src\json_define.h">
      <Filter>Header files</Filter>
    </ClInclude>
    <ClInclude Include="share\blocking_queue.h">
      <Filter>Header files</Filter>
    </ClInclude>
    <ClInclude Include="share\finally_imp.h">
      <Filter>Header files</Filter>
    </ClInclude>
    <ClInclude Include="share\log_imp.h">
      <Filter>Header files</Filter>
    </ClInclude>
    <ClInclude Include="share\noncopyable.h">
      <Filter>Header files</Filter>
    </ClInclude>
    <ClInclude Include="share\tool.h">
      <Filter>Header files</Filter>
    </ClInclude>
    <ClInclude Include="proto\DB2PlugInDataSource.pb.h">
      <Filter>Header files</Filter>
    </ClInclude>
    <ClInclude Include="proto\DB2PlugInDataSource.grpc.pb.h">
      <Filter>Header files</Filter>
    </ClInclude>
    <ClInclude Include="server\src\DB2PlugInDataApp.h">
      <Filter>Header files</Filter>
    </ClInclude>
    <ClInclude Include="server\src\GrpcServer.h">
      <Filter>Header files</Filter>
    </ClInclude>
    <ClInclude Include="server\src\ServerTask.h">
      <Filter>Header files</Filter>
    </ClInclude>
    <ClInclude Include="server\src\GrpcTypeHeader.h">
      <Filter>Header files</Filter>
    </ClInclude>
    <ClInclude Include="server\src\UnaryRpc.h">
      <Filter>Header files</Filter>
    </ClInclude>
    <ClInclude Include="server\src\ReadLogManager.h">
      <Filter>Header files</Filter>
    </ClInclude>
    <ClInclude Include="server\src\StreamToClient.h">
      <Filter>Header files</Filter>
    </ClInclude>
    <ClInclude Include="server\src\version.h">
      <Filter>Header files</Filter>
    </ClInclude>
    <ClInclude Include="server\logv10\db2_log_version.h">
      <Filter>Header files</Filter>
    </ClInclude>
    <ClInclude Include="server\logv9\db2_log_version.h">
      <Filter>Header files</Filter>
    </ClInclude>
    <ClInclude Include="server\src\readlog_config_manager.h">
      <Filter>Header files</Filter>
    </ClInclude>
    <ClInclude Include="server\src\ErrorCode.h">
      <Filter>Header files</Filter>
    </ClInclude>
    <ClInclude Include="server\src\readlog_config.h">
      <Filter>Header files</Filter>
    </ClInclude>
    <ClInclude Include="server\src\LogSubprocess.h">
      <Filter>Header files</Filter>
    </ClInclude>
    <ClInclude Include="server\src\DB2ReadLogApp.h">
      <Filter>Header files</Filter>
    </ClInclude>
    <ClInclude Include="server\logv10\dblogconn.h">
      <Filter>Header files</Filter>
    </ClInclude>
    <ClInclude Include="server\logv10\utilapi.h">
      <Filter>Header files</Filter>
    </ClInclude>
    <ClInclude Include="server\logv10\utilemb.h">
      <Filter>Header files</Filter>
    </ClInclude>
    <ClInclude Include="server\src\PushReadLogClient.h">
      <Filter>Header files</Filter>
    </ClInclude>
    <ClInclude Include="server\logv9\dblogconn.h">
      <Filter>Header files</Filter>
    </ClInclude>
    <ClInclude Include="server\logv9\utilapi.h">
      <Filter>Header files</Filter>
    </ClInclude>
    <ClInclude Include="server\logv9\utilemb.h">
      <Filter>Header files</Filter>
    </ClInclude>
    <ClInclude Include="server\src\DB2CataLog.h">
      <Filter>Header files</Filter>
    </ClInclude>
    <ClInclude Include="share\tapdata_base64.h">
      <Filter>Header files</Filter>
    </ClInclude>
    <ClInclude Include="server\src\LocalDDLInfo.h">
      <Filter>Header files</Filter>
    </ClInclude>
    <ClInclude Include="share\tool_extern.h">
      <Filter>Header files</Filter>
    </ClInclude>
    <ClInclude Include="share\batch_queue.h">
      <Filter>Header files</Filter>
    </ClInclude>
  </ItemGroup>
  <ItemGroup>
    <Text Include="server\logv10\CMakeLists.txt" />
    <Text Include="server\logv9\CMakeLists.txt" />
  </ItemGroup>
</Project>